// !$*UTF8*$!
{
	archiveVersion = 1;
	classes = {
	};
	objectVersion = 50;
	objects = {

/* Begin PBXBuildFile section */
		1323D3B623EC50620026F730 /* AppDelegate.swift in Sources */ = {isa = PBXBuildFile; fileRef = 1323D3B523EC50620026F730 /* AppDelegate.swift */; };
		1323D3B823EC50620026F730 /* SceneDelegate.swift in Sources */ = {isa = PBXBuildFile; fileRef = 1323D3B723EC50620026F730 /* SceneDelegate.swift */; };
		1323D3BF23EC50640026F730 /* Assets.xcassets in Resources */ = {isa = PBXBuildFile; fileRef = 1323D3BE23EC50640026F730 /* Assets.xcassets */; };
		1323D3C223EC50640026F730 /* LaunchScreen.storyboard in Resources */ = {isa = PBXBuildFile; fileRef = 1323D3C023EC50640026F730 /* LaunchScreen.storyboard */; };
		1323D3CD23EC52300026F730 /* StoryboardInitializable.swift in Sources */ = {isa = PBXBuildFile; fileRef = 1323D3CC23EC52300026F730 /* StoryboardInitializable.swift */; };
		1323D3D023EC52790026F730 /* Constraints.swift in Sources */ = {isa = PBXBuildFile; fileRef = 1323D3CF23EC52790026F730 /* Constraints.swift */; };
		1323D3D223EC528F0026F730 /* UIButton + Custom.swift in Sources */ = {isa = PBXBuildFile; fileRef = 1323D3D123EC528F0026F730 /* UIButton + Custom.swift */; };
		1323D3D423EC52A60026F730 /* WebImageView.swift in Sources */ = {isa = PBXBuildFile; fileRef = 1323D3D323EC52A60026F730 /* WebImageView.swift */; };
		1323D3D623EC52B50026F730 /* Reachability.swift in Sources */ = {isa = PBXBuildFile; fileRef = 1323D3D523EC52B50026F730 /* Reachability.swift */; };
		1323D3DA23EC53180026F730 /* UIColor + ThemeColors.swift in Sources */ = {isa = PBXBuildFile; fileRef = 1323D3D923EC53180026F730 /* UIColor + ThemeColors.swift */; };
		1323D3DC23EC532F0026F730 /* UILabel + Theme.swift in Sources */ = {isa = PBXBuildFile; fileRef = 1323D3DB23EC532F0026F730 /* UILabel + Theme.swift */; };
		1323D3DE23EC53410026F730 /* UIColor + hexValue.swift in Sources */ = {isa = PBXBuildFile; fileRef = 1323D3DD23EC53410026F730 /* UIColor + hexValue.swift */; };
		1323D3F023EC53A00026F730 /* TTNorms-Thin.ttf in Resources */ = {isa = PBXBuildFile; fileRef = 1323D3E023EC53A00026F730 /* TTNorms-Thin.ttf */; };
		1323D3F123EC53A00026F730 /* TTNorms-BoldItalic.ttf in Resources */ = {isa = PBXBuildFile; fileRef = 1323D3E123EC53A00026F730 /* TTNorms-BoldItalic.ttf */; };
		1323D3F223EC53A00026F730 /* TTNorms-Bold.ttf in Resources */ = {isa = PBXBuildFile; fileRef = 1323D3E223EC53A00026F730 /* TTNorms-Bold.ttf */; };
		1323D3F323EC53A00026F730 /* TTNorms-Regular.ttf in Resources */ = {isa = PBXBuildFile; fileRef = 1323D3E323EC53A00026F730 /* TTNorms-Regular.ttf */; };
		1323D3F423EC53A00026F730 /* TTNorms-MediumItalic.ttf in Resources */ = {isa = PBXBuildFile; fileRef = 1323D3E423EC53A00026F730 /* TTNorms-MediumItalic.ttf */; };
		1323D3F523EC53A00026F730 /* TTNorms-ExtraLight.ttf in Resources */ = {isa = PBXBuildFile; fileRef = 1323D3E523EC53A00026F730 /* TTNorms-ExtraLight.ttf */; };
		1323D3F623EC53A00026F730 /* TTNorms-ThinItalic.ttf in Resources */ = {isa = PBXBuildFile; fileRef = 1323D3E623EC53A00026F730 /* TTNorms-ThinItalic.ttf */; };
		1323D3F723EC53A00026F730 /* TTNorms-Medium.ttf in Resources */ = {isa = PBXBuildFile; fileRef = 1323D3E723EC53A00026F730 /* TTNorms-Medium.ttf */; };
		1323D3F823EC53A00026F730 /* TTNorms-LightItalic.ttf in Resources */ = {isa = PBXBuildFile; fileRef = 1323D3E823EC53A00026F730 /* TTNorms-LightItalic.ttf */; };
		1323D3F923EC53A00026F730 /* TTNorms-HeavyItalic.ttf in Resources */ = {isa = PBXBuildFile; fileRef = 1323D3E923EC53A00026F730 /* TTNorms-HeavyItalic.ttf */; };
		1323D3FA23EC53A00026F730 /* TTNorms-ExtraBoldItalic.ttf in Resources */ = {isa = PBXBuildFile; fileRef = 1323D3EA23EC53A00026F730 /* TTNorms-ExtraBoldItalic.ttf */; };
		1323D3FB23EC53A00026F730 /* TTNorms-ExtraBold.ttf in Resources */ = {isa = PBXBuildFile; fileRef = 1323D3EB23EC53A00026F730 /* TTNorms-ExtraBold.ttf */; };
		1323D3FC23EC53A00026F730 /* TTNorms-ExtraLightItalic.ttf in Resources */ = {isa = PBXBuildFile; fileRef = 1323D3EC23EC53A00026F730 /* TTNorms-ExtraLightItalic.ttf */; };
		1323D3FD23EC53A00026F730 /* TTNorms-Light.ttf in Resources */ = {isa = PBXBuildFile; fileRef = 1323D3ED23EC53A00026F730 /* TTNorms-Light.ttf */; };
		1323D3FE23EC53A00026F730 /* TTNorms-Heavy.ttf in Resources */ = {isa = PBXBuildFile; fileRef = 1323D3EE23EC53A00026F730 /* TTNorms-Heavy.ttf */; };
		1323D3FF23EC53A00026F730 /* TTNorms-Italic.ttf in Resources */ = {isa = PBXBuildFile; fileRef = 1323D3EF23EC53A00026F730 /* TTNorms-Italic.ttf */; };
		1323D40623EC54790026F730 /* NetworkService.swift in Sources */ = {isa = PBXBuildFile; fileRef = 1323D40523EC54790026F730 /* NetworkService.swift */; };
		1323D40823EC548A0026F730 /* NetworkDataFetcher.swift in Sources */ = {isa = PBXBuildFile; fileRef = 1323D40723EC548A0026F730 /* NetworkDataFetcher.swift */; };
		1323D40A23EC54990026F730 /* DataFetcherService.swift in Sources */ = {isa = PBXBuildFile; fileRef = 1323D40923EC54990026F730 /* DataFetcherService.swift */; };
		1323D40F23EC56800026F730 /* WelcomeViewController.swift in Sources */ = {isa = PBXBuildFile; fileRef = 1323D40E23EC56800026F730 /* WelcomeViewController.swift */; };
		1323D41223EC56DE0026F730 /* WalkthroughFirstViewController.swift in Sources */ = {isa = PBXBuildFile; fileRef = 1323D41123EC56DE0026F730 /* WalkthroughFirstViewController.swift */; };
		1323D41423EC56EA0026F730 /* WalkthroughSecondViewController.swift in Sources */ = {isa = PBXBuildFile; fileRef = 1323D41323EC56EA0026F730 /* WalkthroughSecondViewController.swift */; };
		1323D41723EC5C770026F730 /* UIButton + Theme.swift in Sources */ = {isa = PBXBuildFile; fileRef = 1323D41623EC5C770026F730 /* UIButton + Theme.swift */; };
/* End PBXBuildFile section */

/* Begin PBXFileReference section */
		1323D3B223EC50620026F730 /* book-store.app */ = {isa = PBXFileReference; explicitFileType = wrapper.application; includeInIndex = 0; path = "book-store.app"; sourceTree = BUILT_PRODUCTS_DIR; };
		1323D3B523EC50620026F730 /* AppDelegate.swift */ = {isa = PBXFileReference; lastKnownFileType = sourcecode.swift; path = AppDelegate.swift; sourceTree = "<group>"; };
		1323D3B723EC50620026F730 /* SceneDelegate.swift */ = {isa = PBXFileReference; lastKnownFileType = sourcecode.swift; path = SceneDelegate.swift; sourceTree = "<group>"; };
		1323D3BE23EC50640026F730 /* Assets.xcassets */ = {isa = PBXFileReference; lastKnownFileType = folder.assetcatalog; path = Assets.xcassets; sourceTree = "<group>"; };
		1323D3C123EC50640026F730 /* Base */ = {isa = PBXFileReference; lastKnownFileType = file.storyboard; name = Base; path = Base.lproj/LaunchScreen.storyboard; sourceTree = "<group>"; };
		1323D3C323EC50640026F730 /* Info.plist */ = {isa = PBXFileReference; lastKnownFileType = text.plist.xml; path = Info.plist; sourceTree = "<group>"; };
		1323D3CC23EC52300026F730 /* StoryboardInitializable.swift */ = {isa = PBXFileReference; lastKnownFileType = sourcecode.swift; path = StoryboardInitializable.swift; sourceTree = "<group>"; };
		1323D3CF23EC52790026F730 /* Constraints.swift */ = {isa = PBXFileReference; lastKnownFileType = sourcecode.swift; path = Constraints.swift; sourceTree = "<group>"; };
		1323D3D123EC528F0026F730 /* UIButton + Custom.swift */ = {isa = PBXFileReference; lastKnownFileType = sourcecode.swift; path = "UIButton + Custom.swift"; sourceTree = "<group>"; };
		1323D3D323EC52A60026F730 /* WebImageView.swift */ = {isa = PBXFileReference; lastKnownFileType = sourcecode.swift; path = WebImageView.swift; sourceTree = "<group>"; };
		1323D3D523EC52B50026F730 /* Reachability.swift */ = {isa = PBXFileReference; lastKnownFileType = sourcecode.swift; path = Reachability.swift; sourceTree = "<group>"; };
		1323D3D923EC53180026F730 /* UIColor + ThemeColors.swift */ = {isa = PBXFileReference; lastKnownFileType = sourcecode.swift; path = "UIColor + ThemeColors.swift"; sourceTree = "<group>"; };
		1323D3DB23EC532F0026F730 /* UILabel + Theme.swift */ = {isa = PBXFileReference; lastKnownFileType = sourcecode.swift; path = "UILabel + Theme.swift"; sourceTree = "<group>"; };
		1323D3DD23EC53410026F730 /* UIColor + hexValue.swift */ = {isa = PBXFileReference; lastKnownFileType = sourcecode.swift; path = "UIColor + hexValue.swift"; sourceTree = "<group>"; };
		1323D3E023EC53A00026F730 /* TTNorms-Thin.ttf */ = {isa = PBXFileReference; lastKnownFileType = file; path = "TTNorms-Thin.ttf"; sourceTree = "<group>"; };
		1323D3E123EC53A00026F730 /* TTNorms-BoldItalic.ttf */ = {isa = PBXFileReference; lastKnownFileType = file; path = "TTNorms-BoldItalic.ttf"; sourceTree = "<group>"; };
		1323D3E223EC53A00026F730 /* TTNorms-Bold.ttf */ = {isa = PBXFileReference; lastKnownFileType = file; path = "TTNorms-Bold.ttf"; sourceTree = "<group>"; };
		1323D3E323EC53A00026F730 /* TTNorms-Regular.ttf */ = {isa = PBXFileReference; lastKnownFileType = file; path = "TTNorms-Regular.ttf"; sourceTree = "<group>"; };
		1323D3E423EC53A00026F730 /* TTNorms-MediumItalic.ttf */ = {isa = PBXFileReference; lastKnownFileType = file; path = "TTNorms-MediumItalic.ttf"; sourceTree = "<group>"; };
		1323D3E523EC53A00026F730 /* TTNorms-ExtraLight.ttf */ = {isa = PBXFileReference; lastKnownFileType = file; path = "TTNorms-ExtraLight.ttf"; sourceTree = "<group>"; };
		1323D3E623EC53A00026F730 /* TTNorms-ThinItalic.ttf */ = {isa = PBXFileReference; lastKnownFileType = file; path = "TTNorms-ThinItalic.ttf"; sourceTree = "<group>"; };
		1323D3E723EC53A00026F730 /* TTNorms-Medium.ttf */ = {isa = PBXFileReference; lastKnownFileType = file; path = "TTNorms-Medium.ttf"; sourceTree = "<group>"; };
		1323D3E823EC53A00026F730 /* TTNorms-LightItalic.ttf */ = {isa = PBXFileReference; lastKnownFileType = file; path = "TTNorms-LightItalic.ttf"; sourceTree = "<group>"; };
		1323D3E923EC53A00026F730 /* TTNorms-HeavyItalic.ttf */ = {isa = PBXFileReference; lastKnownFileType = file; path = "TTNorms-HeavyItalic.ttf"; sourceTree = "<group>"; };
		1323D3EA23EC53A00026F730 /* TTNorms-ExtraBoldItalic.ttf */ = {isa = PBXFileReference; lastKnownFileType = file; path = "TTNorms-ExtraBoldItalic.ttf"; sourceTree = "<group>"; };
		1323D3EB23EC53A00026F730 /* TTNorms-ExtraBold.ttf */ = {isa = PBXFileReference; lastKnownFileType = file; path = "TTNorms-ExtraBold.ttf"; sourceTree = "<group>"; };
		1323D3EC23EC53A00026F730 /* TTNorms-ExtraLightItalic.ttf */ = {isa = PBXFileReference; lastKnownFileType = file; path = "TTNorms-ExtraLightItalic.ttf"; sourceTree = "<group>"; };
		1323D3ED23EC53A00026F730 /* TTNorms-Light.ttf */ = {isa = PBXFileReference; lastKnownFileType = file; path = "TTNorms-Light.ttf"; sourceTree = "<group>"; };
		1323D3EE23EC53A00026F730 /* TTNorms-Heavy.ttf */ = {isa = PBXFileReference; lastKnownFileType = file; path = "TTNorms-Heavy.ttf"; sourceTree = "<group>"; };
		1323D3EF23EC53A00026F730 /* TTNorms-Italic.ttf */ = {isa = PBXFileReference; lastKnownFileType = file; path = "TTNorms-Italic.ttf"; sourceTree = "<group>"; };
		1323D40523EC54790026F730 /* NetworkService.swift */ = {isa = PBXFileReference; lastKnownFileType = sourcecode.swift; path = NetworkService.swift; sourceTree = "<group>"; };
		1323D40723EC548A0026F730 /* NetworkDataFetcher.swift */ = {isa = PBXFileReference; lastKnownFileType = sourcecode.swift; path = NetworkDataFetcher.swift; sourceTree = "<group>"; };
		1323D40923EC54990026F730 /* DataFetcherService.swift */ = {isa = PBXFileReference; lastKnownFileType = sourcecode.swift; path = DataFetcherService.swift; sourceTree = "<group>"; };
		1323D40E23EC56800026F730 /* WelcomeViewController.swift */ = {isa = PBXFileReference; lastKnownFileType = sourcecode.swift; path = WelcomeViewController.swift; sourceTree = "<group>"; };
		1323D41123EC56DE0026F730 /* WalkthroughFirstViewController.swift */ = {isa = PBXFileReference; lastKnownFileType = sourcecode.swift; path = WalkthroughFirstViewController.swift; sourceTree = "<group>"; };
		1323D41323EC56EA0026F730 /* WalkthroughSecondViewController.swift */ = {isa = PBXFileReference; lastKnownFileType = sourcecode.swift; path = WalkthroughSecondViewController.swift; sourceTree = "<group>"; };
		1323D41623EC5C770026F730 /* UIButton + Theme.swift */ = {isa = PBXFileReference; lastKnownFileType = sourcecode.swift; path = "UIButton + Theme.swift"; sourceTree = "<group>"; };
/* End PBXFileReference section */

/* Begin PBXFrameworksBuildPhase section */
		1323D3AF23EC50620026F730 /* Frameworks */ = {
			isa = PBXFrameworksBuildPhase;
			buildActionMask = 2147483647;
			files = (
			);
			runOnlyForDeploymentPostprocessing = 0;
		};
/* End PBXFrameworksBuildPhase section */

/* Begin PBXGroup section */
		1323D3A923EC50620026F730 = {
			isa = PBXGroup;
			children = (
				1323D3B423EC50620026F730 /* book-store */,
				1323D3B323EC50620026F730 /* Products */,
			);
			sourceTree = "<group>";
		};
		1323D3B323EC50620026F730 /* Products */ = {
			isa = PBXGroup;
			children = (
				1323D3B223EC50620026F730 /* book-store.app */,
			);
			name = Products;
			sourceTree = "<group>";
		};
		1323D3B423EC50620026F730 /* book-store */ = {
			isa = PBXGroup;
			children = (
				1323D3B523EC50620026F730 /* AppDelegate.swift */,
				1323D3B723EC50620026F730 /* SceneDelegate.swift */,
				1323D3CA23EC51EC0026F730 /* Library */,
				1323D40123EC540D0026F730 /* Screens */,
				1323D40023EC53ED0026F730 /* Services */,
				1323D3D723EC52CA0026F730 /* Design System */,
				1323D3CE23EC524E0026F730 /* Helpers */,
				1323D3C923EC51280026F730 /* Supporting Files */,
			);
			path = "book-store";
			sourceTree = "<group>";
		};
		1323D3C923EC51280026F730 /* Supporting Files */ = {
			isa = PBXGroup;
			children = (
				1323D3BE23EC50640026F730 /* Assets.xcassets */,
				1323D3C023EC50640026F730 /* LaunchScreen.storyboard */,
				1323D3C323EC50640026F730 /* Info.plist */,
			);
			path = "Supporting Files";
			sourceTree = "<group>";
		};
		1323D3CA23EC51EC0026F730 /* Library */ = {
			isa = PBXGroup;
			children = (
				1323D3CB23EC51F30026F730 /* SVG Icons */,
				1323D3CC23EC52300026F730 /* StoryboardInitializable.swift */,
			);
			path = Library;
			sourceTree = "<group>";
		};
		1323D3CB23EC51F30026F730 /* SVG Icons */ = {
			isa = PBXGroup;
			children = (
			);
			path = "SVG Icons";
			sourceTree = "<group>";
		};
		1323D3CE23EC524E0026F730 /* Helpers */ = {
			isa = PBXGroup;
			children = (
				1323D3CF23EC52790026F730 /* Constraints.swift */,
				1323D3D123EC528F0026F730 /* UIButton + Custom.swift */,
				1323D3D323EC52A60026F730 /* WebImageView.swift */,
				1323D3D523EC52B50026F730 /* Reachability.swift */,
			);
			path = Helpers;
			sourceTree = "<group>";
		};
		1323D3D723EC52CA0026F730 /* Design System */ = {
			isa = PBXGroup;
			children = (
				1323D41523EC5C480026F730 /* UIButton */,
				1323D3D823EC52F40026F730 /* Fonts */,
				1323D3D923EC53180026F730 /* UIColor + ThemeColors.swift */,
				1323D3DB23EC532F0026F730 /* UILabel + Theme.swift */,
				1323D3DD23EC53410026F730 /* UIColor + hexValue.swift */,
			);
			path = "Design System";
			sourceTree = "<group>";
		};
		1323D3D823EC52F40026F730 /* Fonts */ = {
			isa = PBXGroup;
			children = (
				1323D3DF23EC53A00026F730 /* ttnorms */,
			);
			path = Fonts;
			sourceTree = "<group>";
		};
		1323D3DF23EC53A00026F730 /* ttnorms */ = {
			isa = PBXGroup;
			children = (
				1323D3E023EC53A00026F730 /* TTNorms-Thin.ttf */,
				1323D3E123EC53A00026F730 /* TTNorms-BoldItalic.ttf */,
				1323D3E223EC53A00026F730 /* TTNorms-Bold.ttf */,
				1323D3E323EC53A00026F730 /* TTNorms-Regular.ttf */,
				1323D3E423EC53A00026F730 /* TTNorms-MediumItalic.ttf */,
				1323D3E523EC53A00026F730 /* TTNorms-ExtraLight.ttf */,
				1323D3E623EC53A00026F730 /* TTNorms-ThinItalic.ttf */,
				1323D3E723EC53A00026F730 /* TTNorms-Medium.ttf */,
				1323D3E823EC53A00026F730 /* TTNorms-LightItalic.ttf */,
				1323D3E923EC53A00026F730 /* TTNorms-HeavyItalic.ttf */,
				1323D3EA23EC53A00026F730 /* TTNorms-ExtraBoldItalic.ttf */,
				1323D3EB23EC53A00026F730 /* TTNorms-ExtraBold.ttf */,
				1323D3EC23EC53A00026F730 /* TTNorms-ExtraLightItalic.ttf */,
				1323D3ED23EC53A00026F730 /* TTNorms-Light.ttf */,
				1323D3EE23EC53A00026F730 /* TTNorms-Heavy.ttf */,
				1323D3EF23EC53A00026F730 /* TTNorms-Italic.ttf */,
			);
			path = ttnorms;
			sourceTree = "<group>";
		};
		1323D40023EC53ED0026F730 /* Services */ = {
			isa = PBXGroup;
			children = (
				1323D40423EC543D0026F730 /* Network */,
			);
			path = Services;
			sourceTree = "<group>";
		};
		1323D40123EC540D0026F730 /* Screens */ = {
			isa = PBXGroup;
			children = (
				1323D41023EC56C20026F730 /* Walkthrough */,
				1323D40B23EC563F0026F730 /* Welcome */,
			);
			path = Screens;
			sourceTree = "<group>";
		};
		1323D40423EC543D0026F730 /* Network */ = {
			isa = PBXGroup;
			children = (
				1323D40523EC54790026F730 /* NetworkService.swift */,
				1323D40723EC548A0026F730 /* NetworkDataFetcher.swift */,
				1323D40923EC54990026F730 /* DataFetcherService.swift */,
			);
			path = Network;
			sourceTree = "<group>";
		};
		1323D40B23EC563F0026F730 /* Welcome */ = {
			isa = PBXGroup;
			children = (
				1323D40E23EC56800026F730 /* WelcomeViewController.swift */,
			);
			path = Welcome;
			sourceTree = "<group>";
		};
		1323D41023EC56C20026F730 /* Walkthrough */ = {
			isa = PBXGroup;
			children = (
				1323D41123EC56DE0026F730 /* WalkthroughFirstViewController.swift */,
				1323D41323EC56EA0026F730 /* WalkthroughSecondViewController.swift */,
			);
			path = Walkthrough;
			sourceTree = "<group>";
		};
		1323D41523EC5C480026F730 /* UIButton */ = {
			isa = PBXGroup;
			children = (
				1323D41623EC5C770026F730 /* UIButton + Theme.swift */,
			);
			path = UIButton;
			sourceTree = "<group>";
		};
/* End PBXGroup section */

/* Begin PBXNativeTarget section */
		1323D3B123EC50620026F730 /* book-store */ = {
			isa = PBXNativeTarget;
			buildConfigurationList = 1323D3C623EC50640026F730 /* Build configuration list for PBXNativeTarget "book-store" */;
			buildPhases = (
				1323D3AE23EC50620026F730 /* Sources */,
				1323D3AF23EC50620026F730 /* Frameworks */,
				1323D3B023EC50620026F730 /* Resources */,
			);
			buildRules = (
			);
			dependencies = (
			);
			name = "book-store";
			productName = "book-store";
			productReference = 1323D3B223EC50620026F730 /* book-store.app */;
			productType = "com.apple.product-type.application";
		};
/* End PBXNativeTarget section */

/* Begin PBXProject section */
		1323D3AA23EC50620026F730 /* Project object */ = {
			isa = PBXProject;
			attributes = {
				LastSwiftUpdateCheck = 1130;
				LastUpgradeCheck = 1130;
				ORGANIZATIONNAME = "Максим Спиридонов";
				TargetAttributes = {
					1323D3B123EC50620026F730 = {
						CreatedOnToolsVersion = 11.3.1;
					};
				};
			};
			buildConfigurationList = 1323D3AD23EC50620026F730 /* Build configuration list for PBXProject "book-store" */;
			compatibilityVersion = "Xcode 9.3";
			developmentRegion = en;
			hasScannedForEncodings = 0;
			knownRegions = (
				en,
				Base,
			);
			mainGroup = 1323D3A923EC50620026F730;
			productRefGroup = 1323D3B323EC50620026F730 /* Products */;
			projectDirPath = "";
			projectRoot = "";
			targets = (
				1323D3B123EC50620026F730 /* book-store */,
			);
		};
/* End PBXProject section */

/* Begin PBXResourcesBuildPhase section */
		1323D3B023EC50620026F730 /* Resources */ = {
			isa = PBXResourcesBuildPhase;
			buildActionMask = 2147483647;
			files = (
				1323D3F023EC53A00026F730 /* TTNorms-Thin.ttf in Resources */,
				1323D3FC23EC53A00026F730 /* TTNorms-ExtraLightItalic.ttf in Resources */,
				1323D3F223EC53A00026F730 /* TTNorms-Bold.ttf in Resources */,
				1323D3FE23EC53A00026F730 /* TTNorms-Heavy.ttf in Resources */,
				1323D3F523EC53A00026F730 /* TTNorms-ExtraLight.ttf in Resources */,
				1323D3F823EC53A00026F730 /* TTNorms-LightItalic.ttf in Resources */,
				1323D3FB23EC53A00026F730 /* TTNorms-ExtraBold.ttf in Resources */,
				1323D3F723EC53A00026F730 /* TTNorms-Medium.ttf in Resources */,
				1323D3F123EC53A00026F730 /* TTNorms-BoldItalic.ttf in Resources */,
				1323D3F623EC53A00026F730 /* TTNorms-ThinItalic.ttf in Resources */,
				1323D3FD23EC53A00026F730 /* TTNorms-Light.ttf in Resources */,
				1323D3C223EC50640026F730 /* LaunchScreen.storyboard in Resources */,
				1323D3FF23EC53A00026F730 /* TTNorms-Italic.ttf in Resources */,
				1323D3BF23EC50640026F730 /* Assets.xcassets in Resources */,
				1323D3F423EC53A00026F730 /* TTNorms-MediumItalic.ttf in Resources */,
				1323D3F923EC53A00026F730 /* TTNorms-HeavyItalic.ttf in Resources */,
				1323D3FA23EC53A00026F730 /* TTNorms-ExtraBoldItalic.ttf in Resources */,
				1323D3F323EC53A00026F730 /* TTNorms-Regular.ttf in Resources */,
			);
			runOnlyForDeploymentPostprocessing = 0;
		};
/* End PBXResourcesBuildPhase section */

/* Begin PBXSourcesBuildPhase section */
		1323D3AE23EC50620026F730 /* Sources */ = {
			isa = PBXSourcesBuildPhase;
			buildActionMask = 2147483647;
			files = (
				1323D3DC23EC532F0026F730 /* UILabel + Theme.swift in Sources */,
				1323D40A23EC54990026F730 /* DataFetcherService.swift in Sources */,
				1323D3B623EC50620026F730 /* AppDelegate.swift in Sources */,
				1323D3DA23EC53180026F730 /* UIColor + ThemeColors.swift in Sources */,
				1323D40823EC548A0026F730 /* NetworkDataFetcher.swift in Sources */,
				1323D41223EC56DE0026F730 /* WalkthroughFirstViewController.swift in Sources */,
				1323D40F23EC56800026F730 /* WelcomeViewController.swift in Sources */,
				1323D3D223EC528F0026F730 /* UIButton + Custom.swift in Sources */,
				1323D3D423EC52A60026F730 /* WebImageView.swift in Sources */,
				1323D3D023EC52790026F730 /* Constraints.swift in Sources */,
				1323D3CD23EC52300026F730 /* StoryboardInitializable.swift in Sources */,
				1323D3D623EC52B50026F730 /* Reachability.swift in Sources */,
				1323D3DE23EC53410026F730 /* UIColor + hexValue.swift in Sources */,
				1323D40623EC54790026F730 /* NetworkService.swift in Sources */,
				1323D41723EC5C770026F730 /* UIButton + Theme.swift in Sources */,
				1323D3B823EC50620026F730 /* SceneDelegate.swift in Sources */,
				1323D41423EC56EA0026F730 /* WalkthroughSecondViewController.swift in Sources */,
			);
			runOnlyForDeploymentPostprocessing = 0;
		};
/* End PBXSourcesBuildPhase section */

/* Begin PBXVariantGroup section */
		1323D3C023EC50640026F730 /* LaunchScreen.storyboard */ = {
			isa = PBXVariantGroup;
			children = (
				1323D3C123EC50640026F730 /* Base */,
			);
			name = LaunchScreen.storyboard;
			sourceTree = "<group>";
		};
/* End PBXVariantGroup section */

/* Begin XCBuildConfiguration section */
		1323D3C423EC50640026F730 /* Debug */ = {
			isa = XCBuildConfiguration;
			buildSettings = {
				ALWAYS_SEARCH_USER_PATHS = NO;
				CLANG_ANALYZER_NONNULL = YES;
				CLANG_ANALYZER_NUMBER_OBJECT_CONVERSION = YES_AGGRESSIVE;
				CLANG_CXX_LANGUAGE_STANDARD = "gnu++14";
				CLANG_CXX_LIBRARY = "libc++";
				CLANG_ENABLE_MODULES = YES;
				CLANG_ENABLE_OBJC_ARC = YES;
				CLANG_ENABLE_OBJC_WEAK = YES;
				CLANG_WARN_BLOCK_CAPTURE_AUTORELEASING = YES;
				CLANG_WARN_BOOL_CONVERSION = YES;
				CLANG_WARN_COMMA = YES;
				CLANG_WARN_CONSTANT_CONVERSION = YES;
				CLANG_WARN_DEPRECATED_OBJC_IMPLEMENTATIONS = YES;
				CLANG_WARN_DIRECT_OBJC_ISA_USAGE = YES_ERROR;
				CLANG_WARN_DOCUMENTATION_COMMENTS = YES;
				CLANG_WARN_EMPTY_BODY = YES;
				CLANG_WARN_ENUM_CONVERSION = YES;
				CLANG_WARN_INFINITE_RECURSION = YES;
				CLANG_WARN_INT_CONVERSION = YES;
				CLANG_WARN_NON_LITERAL_NULL_CONVERSION = YES;
				CLANG_WARN_OBJC_IMPLICIT_RETAIN_SELF = YES;
				CLANG_WARN_OBJC_LITERAL_CONVERSION = YES;
				CLANG_WARN_OBJC_ROOT_CLASS = YES_ERROR;
				CLANG_WARN_RANGE_LOOP_ANALYSIS = YES;
				CLANG_WARN_STRICT_PROTOTYPES = YES;
				CLANG_WARN_SUSPICIOUS_MOVE = YES;
				CLANG_WARN_UNGUARDED_AVAILABILITY = YES_AGGRESSIVE;
				CLANG_WARN_UNREACHABLE_CODE = YES;
				CLANG_WARN__DUPLICATE_METHOD_MATCH = YES;
				COPY_PHASE_STRIP = NO;
				DEBUG_INFORMATION_FORMAT = dwarf;
				ENABLE_STRICT_OBJC_MSGSEND = YES;
				ENABLE_TESTABILITY = YES;
				GCC_C_LANGUAGE_STANDARD = gnu11;
				GCC_DYNAMIC_NO_PIC = NO;
				GCC_NO_COMMON_BLOCKS = YES;
				GCC_OPTIMIZATION_LEVEL = 0;
				GCC_PREPROCESSOR_DEFINITIONS = (
					"DEBUG=1",
					"$(inherited)",
				);
				GCC_WARN_64_TO_32_BIT_CONVERSION = YES;
				GCC_WARN_ABOUT_RETURN_TYPE = YES_ERROR;
				GCC_WARN_UNDECLARED_SELECTOR = YES;
				GCC_WARN_UNINITIALIZED_AUTOS = YES_AGGRESSIVE;
				GCC_WARN_UNUSED_FUNCTION = YES;
				GCC_WARN_UNUSED_VARIABLE = YES;
				IPHONEOS_DEPLOYMENT_TARGET = 13.2;
				MTL_ENABLE_DEBUG_INFO = INCLUDE_SOURCE;
				MTL_FAST_MATH = YES;
				ONLY_ACTIVE_ARCH = YES;
				SDKROOT = iphoneos;
				SWIFT_ACTIVE_COMPILATION_CONDITIONS = DEBUG;
				SWIFT_OPTIMIZATION_LEVEL = "-Onone";
			};
			name = Debug;
		};
		1323D3C523EC50640026F730 /* Release */ = {
			isa = XCBuildConfiguration;
			buildSettings = {
				ALWAYS_SEARCH_USER_PATHS = NO;
				CLANG_ANALYZER_NONNULL = YES;
				CLANG_ANALYZER_NUMBER_OBJECT_CONVERSION = YES_AGGRESSIVE;
				CLANG_CXX_LANGUAGE_STANDARD = "gnu++14";
				CLANG_CXX_LIBRARY = "libc++";
				CLANG_ENABLE_MODULES = YES;
				CLANG_ENABLE_OBJC_ARC = YES;
				CLANG_ENABLE_OBJC_WEAK = YES;
				CLANG_WARN_BLOCK_CAPTURE_AUTORELEASING = YES;
				CLANG_WARN_BOOL_CONVERSION = YES;
				CLANG_WARN_COMMA = YES;
				CLANG_WARN_CONSTANT_CONVERSION = YES;
				CLANG_WARN_DEPRECATED_OBJC_IMPLEMENTATIONS = YES;
				CLANG_WARN_DIRECT_OBJC_ISA_USAGE = YES_ERROR;
				CLANG_WARN_DOCUMENTATION_COMMENTS = YES;
				CLANG_WARN_EMPTY_BODY = YES;
				CLANG_WARN_ENUM_CONVERSION = YES;
				CLANG_WARN_INFINITE_RECURSION = YES;
				CLANG_WARN_INT_CONVERSION = YES;
				CLANG_WARN_NON_LITERAL_NULL_CONVERSION = YES;
				CLANG_WARN_OBJC_IMPLICIT_RETAIN_SELF = YES;
				CLANG_WARN_OBJC_LITERAL_CONVERSION = YES;
				CLANG_WARN_OBJC_ROOT_CLASS = YES_ERROR;
				CLANG_WARN_RANGE_LOOP_ANALYSIS = YES;
				CLANG_WARN_STRICT_PROTOTYPES = YES;
				CLANG_WARN_SUSPICIOUS_MOVE = YES;
				CLANG_WARN_UNGUARDED_AVAILABILITY = YES_AGGRESSIVE;
				CLANG_WARN_UNREACHABLE_CODE = YES;
				CLANG_WARN__DUPLICATE_METHOD_MATCH = YES;
				COPY_PHASE_STRIP = NO;
				DEBUG_INFORMATION_FORMAT = "dwarf-with-dsym";
				ENABLE_NS_ASSERTIONS = NO;
				ENABLE_STRICT_OBJC_MSGSEND = YES;
				GCC_C_LANGUAGE_STANDARD = gnu11;
				GCC_NO_COMMON_BLOCKS = YES;
				GCC_WARN_64_TO_32_BIT_CONVERSION = YES;
				GCC_WARN_ABOUT_RETURN_TYPE = YES_ERROR;
				GCC_WARN_UNDECLARED_SELECTOR = YES;
				GCC_WARN_UNINITIALIZED_AUTOS = YES_AGGRESSIVE;
				GCC_WARN_UNUSED_FUNCTION = YES;
				GCC_WARN_UNUSED_VARIABLE = YES;
				IPHONEOS_DEPLOYMENT_TARGET = 13.2;
				MTL_ENABLE_DEBUG_INFO = NO;
				MTL_FAST_MATH = YES;
				SDKROOT = iphoneos;
				SWIFT_COMPILATION_MODE = wholemodule;
				SWIFT_OPTIMIZATION_LEVEL = "-O";
				VALIDATE_PRODUCT = YES;
			};
			name = Release;
		};
		1323D3C723EC50640026F730 /* Debug */ = {
			isa = XCBuildConfiguration;
			buildSettings = {
				ASSETCATALOG_COMPILER_APPICON_NAME = AppIcon;
				CODE_SIGN_STYLE = Automatic;
				DEVELOPMENT_TEAM = C8F3CLJ592;
				INFOPLIST_FILE = "book-store/Supporting Files/Info.plist";
				LD_RUNPATH_SEARCH_PATHS = (
					"$(inherited)",
					"@executable_path/Frameworks",
				);
				PRODUCT_BUNDLE_IDENTIFIER = "taijased.book-store";
				PRODUCT_NAME = "$(TARGET_NAME)";
				SWIFT_VERSION = 5.0;
				TARGETED_DEVICE_FAMILY = "1,2";
			};
			name = Debug;
		};
		1323D3C823EC50640026F730 /* Release */ = {
			isa = XCBuildConfiguration;
			buildSettings = {
				ASSETCATALOG_COMPILER_APPICON_NAME = AppIcon;
				CODE_SIGN_STYLE = Automatic;
				DEVELOPMENT_TEAM = C8F3CLJ592;
				INFOPLIST_FILE = "book-store/Supporting Files/Info.plist";
				LD_RUNPATH_SEARCH_PATHS = (
					"$(inherited)",
					"@executable_path/Frameworks",
				);
				PRODUCT_BUNDLE_IDENTIFIER = "taijased.book-store";
				PRODUCT_NAME = "$(TARGET_NAME)";
				SWIFT_VERSION = 5.0;
				TARGETED_DEVICE_FAMILY = "1,2";
			};
			name = Release;
		};
/* End XCBuildConfiguration section */

/* Begin XCConfigurationList section */
		1323D3AD23EC50620026F730 /* Build configuration list for PBXProject "book-store" */ = {
			isa = XCConfigurationList;
			buildConfigurations = (
				1323D3C423EC50640026F730 /* Debug */,
				1323D3C523EC50640026F730 /* Release */,
			);
			defaultConfigurationIsVisible = 0;
			defaultConfigurationName = Release;
		};
		1323D3C623EC50640026F730 /* Build configuration list for PBXNativeTarget "book-store" */ = {
			isa = XCConfigurationList;
			buildConfigurations = (
				1323D3C723EC50640026F730 /* Debug */,
				1323D3C823EC50640026F730 /* Release */,
			);
			defaultConfigurationIsVisible = 0;
			defaultConfigurationName = Release;
		};
/* End XCConfigurationList section */
	};
	rootObject = 1323D3AA23EC50620026F730 /* Project object */;
}
